// !$*UTF8*$!
{
	archiveVersion = 1;
	classes = {
	};
	objectVersion = 50;
	objects = {

/* Begin PBXBuildFile section */
		50F62E122425B731009F5A14 /* AppDelegate.swift in Sources */ = {isa = PBXBuildFile; fileRef = 50F62E112425B731009F5A14 /* AppDelegate.swift */; };
		50F62E142425B731009F5A14 /* SceneDelegate.swift in Sources */ = {isa = PBXBuildFile; fileRef = 50F62E132425B731009F5A14 /* SceneDelegate.swift */; };
		50F62E162425B731009F5A14 /* ViewController.swift in Sources */ = {isa = PBXBuildFile; fileRef = 50F62E152425B731009F5A14 /* ViewController.swift */; };
		50F62E192425B731009F5A14 /* Main.storyboard in Resources */ = {isa = PBXBuildFile; fileRef = 50F62E172425B731009F5A14 /* Main.storyboard */; };
		50F62E1B2425B735009F5A14 /* Assets.xcassets in Resources */ = {isa = PBXBuildFile; fileRef = 50F62E1A2425B735009F5A14 /* Assets.xcassets */; };
		50F62E1E2425B735009F5A14 /* LaunchScreen.storyboard in Resources */ = {isa = PBXBuildFile; fileRef = 50F62E1C2425B735009F5A14 /* LaunchScreen.storyboard */; };
		50F62E2824265772009F5A14 /* PeripheralViewController.swift in Sources */ = {isa = PBXBuildFile; fileRef = 50F62E2724265772009F5A14 /* PeripheralViewController.swift */; };
		C0BFDD4C09800013B9F01189 /* Pods_BluetoothTest.framework in Frameworks */ = {isa = PBXBuildFile; fileRef = F7CB1E4B194DD326A5B5B37E /* Pods_BluetoothTest.framework */; };
/* End PBXBuildFile section */

/* Begin PBXFileReference section */
		2D5A09ECB4AC86DFF06DB006 /* Pods-BluetoothTest.debug.xcconfig */ = {isa = PBXFileReference; includeInIndex = 1; lastKnownFileType = text.xcconfig; name = "Pods-BluetoothTest.debug.xcconfig"; path = "Target Support Files/Pods-BluetoothTest/Pods-BluetoothTest.debug.xcconfig"; sourceTree = "<group>"; };
		50F62E0E2425B731009F5A14 /* BluetoothTest.app */ = {isa = PBXFileReference; explicitFileType = wrapper.application; includeInIndex = 0; path = BluetoothTest.app; sourceTree = BUILT_PRODUCTS_DIR; };
		50F62E112425B731009F5A14 /* AppDelegate.swift */ = {isa = PBXFileReference; lastKnownFileType = sourcecode.swift; path = AppDelegate.swift; sourceTree = "<group>"; };
		50F62E132425B731009F5A14 /* SceneDelegate.swift */ = {isa = PBXFileReference; lastKnownFileType = sourcecode.swift; path = SceneDelegate.swift; sourceTree = "<group>"; };
		50F62E152425B731009F5A14 /* ViewController.swift */ = {isa = PBXFileReference; lastKnownFileType = sourcecode.swift; path = ViewController.swift; sourceTree = "<group>"; };
		50F62E182425B731009F5A14 /* Base */ = {isa = PBXFileReference; lastKnownFileType = file.storyboard; name = Base; path = Base.lproj/Main.storyboard; sourceTree = "<group>"; };
		50F62E1A2425B735009F5A14 /* Assets.xcassets */ = {isa = PBXFileReference; lastKnownFileType = folder.assetcatalog; path = Assets.xcassets; sourceTree = "<group>"; };
		50F62E1D2425B735009F5A14 /* Base */ = {isa = PBXFileReference; lastKnownFileType = file.storyboard; name = Base; path = Base.lproj/LaunchScreen.storyboard; sourceTree = "<group>"; };
		50F62E1F2425B735009F5A14 /* Info.plist */ = {isa = PBXFileReference; lastKnownFileType = text.plist.xml; path = Info.plist; sourceTree = "<group>"; };
		50F62E2724265772009F5A14 /* PeripheralViewController.swift */ = {isa = PBXFileReference; lastKnownFileType = sourcecode.swift; path = PeripheralViewController.swift; sourceTree = "<group>"; };
		9C0711CC4046650CB05A10EA /* Pods-BluetoothTest.release.xcconfig */ = {isa = PBXFileReference; includeInIndex = 1; lastKnownFileType = text.xcconfig; name = "Pods-BluetoothTest.release.xcconfig"; path = "Target Support Files/Pods-BluetoothTest/Pods-BluetoothTest.release.xcconfig"; sourceTree = "<group>"; };
		F7CB1E4B194DD326A5B5B37E /* Pods_BluetoothTest.framework */ = {isa = PBXFileReference; explicitFileType = wrapper.framework; includeInIndex = 0; path = Pods_BluetoothTest.framework; sourceTree = BUILT_PRODUCTS_DIR; };
/* End PBXFileReference section */

/* Begin PBXFrameworksBuildPhase section */
		50F62E0B2425B731009F5A14 /* Frameworks */ = {
			isa = PBXFrameworksBuildPhase;
			buildActionMask = 2147483647;
			files = (
				C0BFDD4C09800013B9F01189 /* Pods_BluetoothTest.framework in Frameworks */,
			);
			runOnlyForDeploymentPostprocessing = 0;
		};
/* End PBXFrameworksBuildPhase section */

/* Begin PBXGroup section */
		114E7E6642B0F5AC4234245B /* Pods */ = {
			isa = PBXGroup;
			children = (
				2D5A09ECB4AC86DFF06DB006 /* Pods-BluetoothTest.debug.xcconfig */,
				9C0711CC4046650CB05A10EA /* Pods-BluetoothTest.release.xcconfig */,
			);
			name = Pods;
			path = Pods;
			sourceTree = "<group>";
		};
		1BA6A0F83B72F03526485C5E /* Frameworks */ = {
			isa = PBXGroup;
			children = (
				F7CB1E4B194DD326A5B5B37E /* Pods_BluetoothTest.framework */,
			);
			name = Frameworks;
			sourceTree = "<group>";
		};
		50F62E052425B731009F5A14 = {
			isa = PBXGroup;
			children = (
				50F62E102425B731009F5A14 /* BluetoothTest */,
				50F62E0F2425B731009F5A14 /* Products */,
				114E7E6642B0F5AC4234245B /* Pods */,
				1BA6A0F83B72F03526485C5E /* Frameworks */,
			);
			sourceTree = "<group>";
		};
		50F62E0F2425B731009F5A14 /* Products */ = {
			isa = PBXGroup;
			children = (
				50F62E0E2425B731009F5A14 /* BluetoothTest.app */,
			);
			name = Products;
			sourceTree = "<group>";
		};
		50F62E102425B731009F5A14 /* BluetoothTest */ = {
			isa = PBXGroup;
			children = (
				50F62E112425B731009F5A14 /* AppDelegate.swift */,
				50F62E132425B731009F5A14 /* SceneDelegate.swift */,
				50F62E152425B731009F5A14 /* ViewController.swift */,
				50F62E2724265772009F5A14 /* PeripheralViewController.swift */,
				50F62E172425B731009F5A14 /* Main.storyboard */,
				50F62E1A2425B735009F5A14 /* Assets.xcassets */,
				50F62E1C2425B735009F5A14 /* LaunchScreen.storyboard */,
				50F62E1F2425B735009F5A14 /* Info.plist */,
			);
			path = BluetoothTest;
			sourceTree = "<group>";
		};
/* End PBXGroup section */

/* Begin PBXNativeTarget section */
		50F62E0D2425B731009F5A14 /* BluetoothTest */ = {
			isa = PBXNativeTarget;
			buildConfigurationList = 50F62E222425B735009F5A14 /* Build configuration list for PBXNativeTarget "BluetoothTest" */;
			buildPhases = (
				6BB672C68AC4B6C1D8878C75 /* [CP] Check Pods Manifest.lock */,
				50F62E0A2425B731009F5A14 /* Sources */,
				50F62E0B2425B731009F5A14 /* Frameworks */,
				50F62E0C2425B731009F5A14 /* Resources */,
				2592AD48C577558C534074ED /* [CP] Embed Pods Frameworks */,
			);
			buildRules = (
			);
			dependencies = (
			);
			name = BluetoothTest;
			productName = BluetoothTest;
			productReference = 50F62E0E2425B731009F5A14 /* BluetoothTest.app */;
			productType = "com.apple.product-type.application";
		};
/* End PBXNativeTarget section */

/* Begin PBXProject section */
		50F62E062425B731009F5A14 /* Project object */ = {
			isa = PBXProject;
			attributes = {
				LastSwiftUpdateCheck = 1130;
				LastUpgradeCheck = 1130;
				ORGANIZATIONNAME = "山本真寛";
				TargetAttributes = {
					50F62E0D2425B731009F5A14 = {
						CreatedOnToolsVersion = 11.3.1;
					};
				};
			};
			buildConfigurationList = 50F62E092425B731009F5A14 /* Build configuration list for PBXProject "BluetoothTest" */;
			compatibilityVersion = "Xcode 9.3";
			developmentRegion = en;
			hasScannedForEncodings = 0;
			knownRegions = (
				en,
				Base,
			);
			mainGroup = 50F62E052425B731009F5A14;
			productRefGroup = 50F62E0F2425B731009F5A14 /* Products */;
			projectDirPath = "";
			projectRoot = "";
			targets = (
				50F62E0D2425B731009F5A14 /* BluetoothTest */,
			);
		};
/* End PBXProject section */

/* Begin PBXResourcesBuildPhase section */
		50F62E0C2425B731009F5A14 /* Resources */ = {
			isa = PBXResourcesBuildPhase;
			buildActionMask = 2147483647;
			files = (
				50F62E1E2425B735009F5A14 /* LaunchScreen.storyboard in Resources */,
				50F62E1B2425B735009F5A14 /* Assets.xcassets in Resources */,
				50F62E192425B731009F5A14 /* Main.storyboard in Resources */,
			);
			runOnlyForDeploymentPostprocessing = 0;
		};
/* End PBXResourcesBuildPhase section */

/* Begin PBXShellScriptBuildPhase section */
		2592AD48C577558C534074ED /* [CP] Embed Pods Frameworks */ = {
			isa = PBXShellScriptBuildPhase;
			buildActionMask = 2147483647;
			files = (
			);
			inputFileListPaths = (
				"${PODS_ROOT}/Target Support Files/Pods-BluetoothTest/Pods-BluetoothTest-frameworks-${CONFIGURATION}-input-files.xcfilelist",
			);
			name = "[CP] Embed Pods Frameworks";
			outputFileListPaths = (
				"${PODS_ROOT}/Target Support Files/Pods-BluetoothTest/Pods-BluetoothTest-frameworks-${CONFIGURATION}-output-files.xcfilelist",
			);
			runOnlyForDeploymentPostprocessing = 0;
			shellPath = /bin/sh;
			shellScript = "\"${PODS_ROOT}/Target Support Files/Pods-BluetoothTest/Pods-BluetoothTest-frameworks.sh\"\n";
			showEnvVarsInLog = 0;
		};
		6BB672C68AC4B6C1D8878C75 /* [CP] Check Pods Manifest.lock */ = {
			isa = PBXShellScriptBuildPhase;
			buildActionMask = 2147483647;
			files = (
			);
			inputFileListPaths = (
			);
			inputPaths = (
				"${PODS_PODFILE_DIR_PATH}/Podfile.lock",
				"${PODS_ROOT}/Manifest.lock",
			);
			name = "[CP] Check Pods Manifest.lock";
			outputFileListPaths = (
			);
			outputPaths = (
				"$(DERIVED_FILE_DIR)/Pods-BluetoothTest-checkManifestLockResult.txt",
			);
			runOnlyForDeploymentPostprocessing = 0;
			shellPath = /bin/sh;
			shellScript = "diff \"${PODS_PODFILE_DIR_PATH}/Podfile.lock\" \"${PODS_ROOT}/Manifest.lock\" > /dev/null\nif [ $? != 0 ] ; then\n    # print error to STDERR\n    echo \"error: The sandbox is not in sync with the Podfile.lock. Run 'pod install' or update your CocoaPods installation.\" >&2\n    exit 1\nfi\n# This output is used by Xcode 'outputs' to avoid re-running this script phase.\necho \"SUCCESS\" > \"${SCRIPT_OUTPUT_FILE_0}\"\n";
			showEnvVarsInLog = 0;
		};
/* End PBXShellScriptBuildPhase section */

/* Begin PBXSourcesBuildPhase section */
		50F62E0A2425B731009F5A14 /* Sources */ = {
			isa = PBXSourcesBuildPhase;
			buildActionMask = 2147483647;
			files = (
				50F62E2824265772009F5A14 /* PeripheralViewController.swift in Sources */,
				50F62E162425B731009F5A14 /* ViewController.swift in Sources */,
				50F62E122425B731009F5A14 /* AppDelegate.swift in Sources */,
				50F62E142425B731009F5A14 /* SceneDelegate.swift in Sources */,
			);
			runOnlyForDeploymentPostprocessing = 0;
		};
/* End PBXSourcesBuildPhase section */

/* Begin PBXVariantGroup section */
		50F62E172425B731009F5A14 /* Main.storyboard */ = {
			isa = PBXVariantGroup;
			children = (
				50F62E182425B731009F5A14 /* Base */,
			);
			name = Main.storyboard;
			sourceTree = "<group>";
		};
		50F62E1C2425B735009F5A14 /* LaunchScreen.storyboard */ = {
			isa = PBXVariantGroup;
			children = (
				50F62E1D2425B735009F5A14 /* Base */,
			);
			name = LaunchScreen.storyboard;
			sourceTree = "<group>";
		};
/* End PBXVariantGroup section */

/* Begin XCBuildConfiguration section */
		50F62E202425B735009F5A14 /* Debug */ = {
			isa = XCBuildConfiguration;
			buildSettings = {
				ALWAYS_SEARCH_USER_PATHS = NO;
				CLANG_ANALYZER_NONNULL = YES;
				CLANG_ANALYZER_NUMBER_OBJECT_CONVERSION = YES_AGGRESSIVE;
				CLANG_CXX_LANGUAGE_STANDARD = "gnu++14";
				CLANG_CXX_LIBRARY = "libc++";
				CLANG_ENABLE_MODULES = YES;
				CLANG_ENABLE_OBJC_ARC = YES;
				CLANG_ENABLE_OBJC_WEAK = YES;
				CLANG_WARN_BLOCK_CAPTURE_AUTORELEASING = YES;
				CLANG_WARN_BOOL_CONVERSION = YES;
				CLANG_WARN_COMMA = YES;
				CLANG_WARN_CONSTANT_CONVERSION = YES;
				CLANG_WARN_DEPRECATED_OBJC_IMPLEMENTATIONS = YES;
				CLANG_WARN_DIRECT_OBJC_ISA_USAGE = YES_ERROR;
				CLANG_WARN_DOCUMENTATION_COMMENTS = YES;
				CLANG_WARN_EMPTY_BODY = YES;
				CLANG_WARN_ENUM_CONVERSION = YES;
				CLANG_WARN_INFINITE_RECURSION = YES;
				CLANG_WARN_INT_CONVERSION = YES;
				CLANG_WARN_NON_LITERAL_NULL_CONVERSION = YES;
				CLANG_WARN_OBJC_IMPLICIT_RETAIN_SELF = YES;
				CLANG_WARN_OBJC_LITERAL_CONVERSION = YES;
				CLANG_WARN_OBJC_ROOT_CLASS = YES_ERROR;
				CLANG_WARN_RANGE_LOOP_ANALYSIS = YES;
				CLANG_WARN_STRICT_PROTOTYPES = YES;
				CLANG_WARN_SUSPICIOUS_MOVE = YES;
				CLANG_WARN_UNGUARDED_AVAILABILITY = YES_AGGRESSIVE;
				CLANG_WARN_UNREACHABLE_CODE = YES;
				CLANG_WARN__DUPLICATE_METHOD_MATCH = YES;
				COPY_PHASE_STRIP = NO;
				DEBUG_INFORMATION_FORMAT = dwarf;
				ENABLE_STRICT_OBJC_MSGSEND = YES;
				ENABLE_TESTABILITY = YES;
				GCC_C_LANGUAGE_STANDARD = gnu11;
				GCC_DYNAMIC_NO_PIC = NO;
				GCC_NO_COMMON_BLOCKS = YES;
				GCC_OPTIMIZATION_LEVEL = 0;
				GCC_PREPROCESSOR_DEFINITIONS = (
					"DEBUG=1",
					"$(inherited)",
				);
				GCC_WARN_64_TO_32_BIT_CONVERSION = YES;
				GCC_WARN_ABOUT_RETURN_TYPE = YES_ERROR;
				GCC_WARN_UNDECLARED_SELECTOR = YES;
				GCC_WARN_UNINITIALIZED_AUTOS = YES_AGGRESSIVE;
				GCC_WARN_UNUSED_FUNCTION = YES;
				GCC_WARN_UNUSED_VARIABLE = YES;
				IPHONEOS_DEPLOYMENT_TARGET = 13.2;
				MTL_ENABLE_DEBUG_INFO = INCLUDE_SOURCE;
				MTL_FAST_MATH = YES;
				ONLY_ACTIVE_ARCH = YES;
				SDKROOT = iphoneos;
				SWIFT_ACTIVE_COMPILATION_CONDITIONS = DEBUG;
				SWIFT_OPTIMIZATION_LEVEL = "-Onone";
			};
			name = Debug;
		};
		50F62E212425B735009F5A14 /* Release */ = {
			isa = XCBuildConfiguration;
			buildSettings = {
				ALWAYS_SEARCH_USER_PATHS = NO;
				CLANG_ANALYZER_NONNULL = YES;
				CLANG_ANALYZER_NUMBER_OBJECT_CONVERSION = YES_AGGRESSIVE;
				CLANG_CXX_LANGUAGE_STANDARD = "gnu++14";
				CLANG_CXX_LIBRARY = "libc++";
				CLANG_ENABLE_MODULES = YES;
				CLANG_ENABLE_OBJC_ARC = YES;
				CLANG_ENABLE_OBJC_WEAK = YES;
				CLANG_WARN_BLOCK_CAPTURE_AUTORELEASING = YES;
				CLANG_WARN_BOOL_CONVERSION = YES;
				CLANG_WARN_COMMA = YES;
				CLANG_WARN_CONSTANT_CONVERSION = YES;
				CLANG_WARN_DEPRECATED_OBJC_IMPLEMENTATIONS = YES;
				CLANG_WARN_DIRECT_OBJC_ISA_USAGE = YES_ERROR;
				CLANG_WARN_DOCUMENTATION_COMMENTS = YES;
				CLANG_WARN_EMPTY_BODY = YES;
				CLANG_WARN_ENUM_CONVERSION = YES;
				CLANG_WARN_INFINITE_RECURSION = YES;
				CLANG_WARN_INT_CONVERSION = YES;
				CLANG_WARN_NON_LITERAL_NULL_CONVERSION = YES;
				CLANG_WARN_OBJC_IMPLICIT_RETAIN_SELF = YES;
				CLANG_WARN_OBJC_LITERAL_CONVERSION = YES;
				CLANG_WARN_OBJC_ROOT_CLASS = YES_ERROR;
				CLANG_WARN_RANGE_LOOP_ANALYSIS = YES;
				CLANG_WARN_STRICT_PROTOTYPES = YES;
				CLANG_WARN_SUSPICIOUS_MOVE = YES;
				CLANG_WARN_UNGUARDED_AVAILABILITY = YES_AGGRESSIVE;
				CLANG_WARN_UNREACHABLE_CODE = YES;
				CLANG_WARN__DUPLICATE_METHOD_MATCH = YES;
				COPY_PHASE_STRIP = NO;
				DEBUG_INFORMATION_FORMAT = "dwarf-with-dsym";
				ENABLE_NS_ASSERTIONS = NO;
				ENABLE_STRICT_OBJC_MSGSEND = YES;
				GCC_C_LANGUAGE_STANDARD = gnu11;
				GCC_NO_COMMON_BLOCKS = YES;
				GCC_WARN_64_TO_32_BIT_CONVERSION = YES;
				GCC_WARN_ABOUT_RETURN_TYPE = YES_ERROR;
				GCC_WARN_UNDECLARED_SELECTOR = YES;
				GCC_WARN_UNINITIALIZED_AUTOS = YES_AGGRESSIVE;
				GCC_WARN_UNUSED_FUNCTION = YES;
				GCC_WARN_UNUSED_VARIABLE = YES;
				IPHONEOS_DEPLOYMENT_TARGET = 13.2;
				MTL_ENABLE_DEBUG_INFO = NO;
				MTL_FAST_MATH = YES;
				SDKROOT = iphoneos;
				SWIFT_COMPILATION_MODE = wholemodule;
				SWIFT_OPTIMIZATION_LEVEL = "-O";
				VALIDATE_PRODUCT = YES;
			};
			name = Release;
		};
		50F62E232425B735009F5A14 /* Debug */ = {
			isa = XCBuildConfiguration;
			baseConfigurationReference = 2D5A09ECB4AC86DFF06DB006 /* Pods-BluetoothTest.debug.xcconfig */;
			buildSettings = {
				ASSETCATALOG_COMPILER_APPICON_NAME = AppIcon;
				CODE_SIGN_STYLE = Automatic;
				DEVELOPMENT_TEAM = 79VCLZ9STD;
				INFOPLIST_FILE = BluetoothTest/Info.plist;
				LD_RUNPATH_SEARCH_PATHS = (
					"$(inherited)",
					"@executable_path/Frameworks",
				);
				PRODUCT_BUNDLE_IDENTIFIER = organization.identifier.BluetoothTest;
				PRODUCT_NAME = "$(TARGET_NAME)";
				SWIFT_VERSION = 5.0;
				TARGETED_DEVICE_FAMILY = "1,2";
			};
			name = Debug;
		};
		50F62E242425B735009F5A14 /* Release */ = {
			isa = XCBuildConfiguration;
			baseConfigurationReference = 9C0711CC4046650CB05A10EA /* Pods-BluetoothTest.release.xcconfig */;
			buildSettings = {
				ASSETCATALOG_COMPILER_APPICON_NAME = AppIcon;
				CODE_SIGN_STYLE = Automatic;
				DEVELOPMENT_TEAM = 79VCLZ9STD;
				INFOPLIST_FILE = BluetoothTest/Info.plist;
				LD_RUNPATH_SEARCH_PATHS = (
					"$(inherited)",
					"@executable_path/Frameworks",
				);
				PRODUCT_BUNDLE_IDENTIFIER = organization.identifier.BluetoothTest;
				PRODUCT_NAME = "$(TARGET_NAME)";
				SWIFT_VERSION = 5.0;
				TARGETED_DEVICE_FAMILY = "1,2";
			};
			name = Release;
		};
/* End XCBuildConfiguration section */

/* Begin XCConfigurationList section */
		50F62E092425B731009F5A14 /* Build configuration list for PBXProject "BluetoothTest" */ = {
			isa = XCConfigurationList;
			buildConfigurations = (
				50F62E202425B735009F5A14 /* Debug */,
				50F62E212425B735009F5A14 /* Release */,
			);
			defaultConfigurationIsVisible = 0;
			defaultConfigurationName = Release;
		};
		50F62E222425B735009F5A14 /* Build configuration list for PBXNativeTarget "BluetoothTest" */ = {
			isa = XCConfigurationList;
			buildConfigurations = (
				50F62E232425B735009F5A14 /* Debug */,
				50F62E242425B735009F5A14 /* Release */,
			);
			defaultConfigurationIsVisible = 0;
			defaultConfigurationName = Release;
		};
/* End XCConfigurationList section */
	};
	rootObject = 50F62E062425B731009F5A14 /* Project object */;
}
